
Microsoft Visual Studio Solution File, Format Version 12.00
# Visual Studio Version 17
VisualStudioVersion = 17.1.32319.34
MinimumVisualStudioVersion = 10.0.40219.1
Project("{FAE04EC0-301F-11D3-BF4B-00C04F79EFBC}") = "NIOPZavrsniProjekt", "NIOPZavrsniProjekt\NIOPZavrsniProjekt.csproj", "{6497A80A-EEA2-4EA2-89F0-FB0BE38A4133}"
EndProject
Global
	GlobalSection(SolutionConfigurationPlatforms) = preSolution
		Debug|Any CPU = Debug|Any CPU
		Release|Any CPU = Release|Any CPU
	EndGlobalSection
	GlobalSection(ProjectConfigurationPlatforms) = postSolution
		{6497A80A-EEA2-4EA2-89F0-FB0BE38A4133}.Debug|Any CPU.ActiveCfg = Debug|Any CPU
		{6497A80A-EEA2-4EA2-89F0-FB0BE38A4133}.Debug|Any CPU.Build.0 = Debug|Any CPU
		{6497A80A-EEA2-4EA2-89F0-FB0BE38A4133}.Release|Any CPU.ActiveCfg = Release|Any CPU
		{6497A80A-EEA2-4EA2-89F0-FB0BE38A4133}.Release|Any CPU.Build.0 = Release|Any CPU
	EndGlobalSection
	GlobalSection(SolutionProperties) = preSolution
		HideSolutionNode = FALSE
	EndGlobalSection
	GlobalSection(ExtensibilityGlobals) = postSolution
		SolutionGuid = {4B63DBD5-68B3-4E11-9C62-5E777BFDF1AD}
	EndGlobalSection
EndGlobal
